
Microsoft Visual Studio Solution File, Format Version 12.00
# Visual Studio 14
VisualStudioVersion = 14.0.25420.1
MinimumVisualStudioVersion = 10.0.40219.1
Project("{FAE04EC0-301F-11D3-BF4B-00C04F79EFBC}") = "Domain", "Domain\Domain.csproj", "{B9671B61-CCEF-4ED5-A106-D11A8C9B3BD9}"
EndProject
Project("{FAE04EC0-301F-11D3-BF4B-00C04F79EFBC}") = "Server", "Server\Server.csproj", "{251C5FFA-57E0-47E4-BD76-DF76C5DDAAFD}"
EndProject
Project("{FAE04EC0-301F-11D3-BF4B-00C04F79EFBC}") = "WpfClient", "WpfClient\WpfClient.csproj", "{154B061C-6B4D-45A7-9627-37DB4AFB524F}"
EndProject
Global
	GlobalSection(SolutionConfigurationPlatforms) = preSolution
		Debug|Any CPU = Debug|Any CPU
		Release|Any CPU = Release|Any CPU
	EndGlobalSection
	GlobalSection(ProjectConfigurationPlatforms) = postSolution
		{B9671B61-CCEF-4ED5-A106-D11A8C9B3BD9}.Debug|Any CPU.ActiveCfg = Debug|Any CPU
		{B9671B61-CCEF-4ED5-A106-D11A8C9B3BD9}.Debug|Any CPU.Build.0 = Debug|Any CPU
		{B9671B61-CCEF-4ED5-A106-D11A8C9B3BD9}.Release|Any CPU.ActiveCfg = Release|Any CPU
		{B9671B61-CCEF-4ED5-A106-D11A8C9B3BD9}.Release|Any CPU.Build.0 = Release|Any CPU
		{251C5FFA-57E0-47E4-BD76-DF76C5DDAAFD}.Debug|Any CPU.ActiveCfg = Debug|Any CPU
		{251C5FFA-57E0-47E4-BD76-DF76C5DDAAFD}.Debug|Any CPU.Build.0 = Debug|Any CPU
		{251C5FFA-57E0-47E4-BD76-DF76C5DDAAFD}.Release|Any CPU.ActiveCfg = Release|Any CPU
		{251C5FFA-57E0-47E4-BD76-DF76C5DDAAFD}.Release|Any CPU.Build.0 = Release|Any CPU
		{154B061C-6B4D-45A7-9627-37DB4AFB524F}.Debug|Any CPU.ActiveCfg = Debug|Any CPU
		{154B061C-6B4D-45A7-9627-37DB4AFB524F}.Debug|Any CPU.Build.0 = Debug|Any CPU
		{154B061C-6B4D-45A7-9627-37DB4AFB524F}.Release|Any CPU.ActiveCfg = Release|Any CPU
		{154B061C-6B4D-45A7-9627-37DB4AFB524F}.Release|Any CPU.Build.0 = Release|Any CPU
	EndGlobalSection
	GlobalSection(SolutionProperties) = preSolution
		HideSolutionNode = FALSE
	EndGlobalSection
EndGlobal
